
Microsoft Visual Studio Solution File, Format Version 12.00
# Visual Studio Version 16
VisualStudioVersion = 16.0.28803.156
MinimumVisualStudioVersion = 10.0.40219.1
Project("{888888A0-9F3D-457C-B088-3A5042F75D52}") = "TPConvert", "TPConvert\TPConvert.pyproj", "{4C859C45-B0E0-4196-AE1F-F170D07ECAA4}"
EndProject
Global
	GlobalSection(SolutionConfigurationPlatforms) = preSolution
		Debug|Any CPU = Debug|Any CPU
		Release|Any CPU = Release|Any CPU
	EndGlobalSection
	GlobalSection(ProjectConfigurationPlatforms) = postSolution
		{4C859C45-B0E0-4196-AE1F-F170D07ECAA4}.Debug|Any CPU.ActiveCfg = Debug|Any CPU
		{4C859C45-B0E0-4196-AE1F-F170D07ECAA4}.Release|Any CPU.ActiveCfg = Release|Any CPU
	EndGlobalSection
	GlobalSection(SolutionProperties) = preSolution
		HideSolutionNode = FALSE
	EndGlobalSection
	GlobalSection(ExtensibilityGlobals) = postSolution
		SolutionGuid = {73066B08-FFDF-4B65-B5B8-E029F9DEA26C}
	EndGlobalSection
EndGlobal
